<?xml version="1.0" encoding="UTF-8"?>
<CodeBlocks_project_file>
	<FileVersion major="1" minor="6"/>
	<Project>
		<Option title="CRAAM"/>
		<Option makefile_is_custom="1"/>
		<Option compiler="gcc"/>
		<Option virtualFolders="CMake Files\;CMake Files\..\;CMake Files\..\..\;CMake Files\..\..\..\;CMake Files\..\..\..\usr\;CMake Files\..\..\..\usr\lib\;CMake Files\..\..\..\usr\lib\x86_64-linux-gnu\;CMake Files\..\..\..\usr\lib\x86_64-linux-gnu\cmake\;CMake Files\..\..\..\usr\lib\x86_64-linux-gnu\cmake\Boost-1.71.0\;CMake Files\..\..\..\usr\lib\x86_64-linux-gnu\cmake\boost_headers-1.71.0\;CMake Files\..\..\..\usr\lib\x86_64-linux-gnu\cmake\boost_unit_test_framework-1.71.0\;CMake Files\craam\;"/>
		<Build>
			<Target title="all">
				<Option working_dir="/home/bahram/craam2"/>
				<Option type="4"/>
				<MakeCommands>
					<Build command="/usr/bin/make -f &quot;/home/bahram/craam2/Makefile&quot;  VERBOSE=1 all"/>
					<CompileFile command="/usr/bin/make -f &quot;/home/bahram/craam2/Makefile&quot;  VERBOSE=1 &quot;$file&quot;"/>
					<Clean command="/usr/bin/make -f &quot;/home/bahram/craam2/Makefile&quot;  VERBOSE=1 clean"/>
					<DistClean command="/usr/bin/make -f &quot;/home/bahram/craam2/Makefile&quot;  VERBOSE=1 clean"/>
				</MakeCommands>
			</Target>
			<Target title="rebuild_cache">
				<Option working_dir="/home/bahram/craam2"/>
				<Option type="4"/>
				<MakeCommands>
					<Build command="/usr/bin/make -f &quot;/home/bahram/craam2/Makefile&quot;  VERBOSE=1 rebuild_cache"/>
					<CompileFile command="/usr/bin/make -f &quot;/home/bahram/craam2/Makefile&quot;  VERBOSE=1 &quot;$file&quot;"/>
					<Clean command="/usr/bin/make -f &quot;/home/bahram/craam2/Makefile&quot;  VERBOSE=1 clean"/>
					<DistClean command="/usr/bin/make -f &quot;/home/bahram/craam2/Makefile&quot;  VERBOSE=1 clean"/>
				</MakeCommands>
			</Target>
			<Target title="edit_cache">
				<Option working_dir="/home/bahram/craam2"/>
				<Option type="4"/>
				<MakeCommands>
					<Build command="/usr/bin/make -f &quot;/home/bahram/craam2/Makefile&quot;  VERBOSE=1 edit_cache"/>
					<CompileFile command="/usr/bin/make -f &quot;/home/bahram/craam2/Makefile&quot;  VERBOSE=1 &quot;$file&quot;"/>
					<Clean command="/usr/bin/make -f &quot;/home/bahram/craam2/Makefile&quot;  VERBOSE=1 clean"/>
					<DistClean command="/usr/bin/make -f &quot;/home/bahram/craam2/Makefile&quot;  VERBOSE=1 clean"/>
				</MakeCommands>
			</Target>
			<Target title="craam-cli">
				<Option output="/home/bahram/craam2/bin/craam-cli" prefix_auto="0" extension_auto="0"/>
				<Option working_dir="/home/bahram/craam2/bin"/>
				<Option object_output="./"/>
				<Option type="1"/>
				<Option compiler="gcc"/>
				<Compiler>
					<Add directory="/home/bahram/craam2/."/>
					<Add directory="/home/bahram/craam2/include/gurobi/include"/>
					<Add directory="/home/bahram/craam2/include"/>
				</Compiler>
				<MakeCommands>
					<Build command="/usr/bin/make -f &quot;/home/bahram/craam2/Makefile&quot;  VERBOSE=1 craam-cli"/>
					<CompileFile command="/usr/bin/make -f &quot;/home/bahram/craam2/Makefile&quot;  VERBOSE=1 &quot;$file&quot;"/>
					<Clean command="/usr/bin/make -f &quot;/home/bahram/craam2/Makefile&quot;  VERBOSE=1 clean"/>
					<DistClean command="/usr/bin/make -f &quot;/home/bahram/craam2/Makefile&quot;  VERBOSE=1 clean"/>
				</MakeCommands>
			</Target>
			<Target title="craam-cli/fast">
				<Option output="/home/bahram/craam2/bin/craam-cli" prefix_auto="0" extension_auto="0"/>
				<Option working_dir="/home/bahram/craam2/bin"/>
				<Option object_output="./"/>
				<Option type="1"/>
				<Option compiler="gcc"/>
				<Compiler>
					<Add directory="/home/bahram/craam2/."/>
					<Add directory="/home/bahram/craam2/include/gurobi/include"/>
					<Add directory="/home/bahram/craam2/include"/>
				</Compiler>
				<MakeCommands>
					<Build command="/usr/bin/make -f &quot;/home/bahram/craam2/Makefile&quot;  VERBOSE=1 craam-cli/fast"/>
					<CompileFile command="/usr/bin/make -f &quot;/home/bahram/craam2/Makefile&quot;  VERBOSE=1 &quot;$file&quot;"/>
					<Clean command="/usr/bin/make -f &quot;/home/bahram/craam2/Makefile&quot;  VERBOSE=1 clean"/>
					<DistClean command="/usr/bin/make -f &quot;/home/bahram/craam2/Makefile&quot;  VERBOSE=1 clean"/>
				</MakeCommands>
			</Target>
			<Target title="testit">
				<Option working_dir="/home/bahram/craam2"/>
				<Option type="4"/>
				<MakeCommands>
					<Build command="/usr/bin/make -f &quot;/home/bahram/craam2/Makefile&quot;  VERBOSE=1 testit"/>
					<CompileFile command="/usr/bin/make -f &quot;/home/bahram/craam2/Makefile&quot;  VERBOSE=1 &quot;$file&quot;"/>
					<Clean command="/usr/bin/make -f &quot;/home/bahram/craam2/Makefile&quot;  VERBOSE=1 clean"/>
					<DistClean command="/usr/bin/make -f &quot;/home/bahram/craam2/Makefile&quot;  VERBOSE=1 clean"/>
				</MakeCommands>
			</Target>
			<Target title="unit_tests">
				<Option output="/home/bahram/craam2/bin/unit_tests" prefix_auto="0" extension_auto="0"/>
				<Option working_dir="/home/bahram/craam2/bin"/>
				<Option object_output="./"/>
				<Option type="1"/>
				<Option compiler="gcc"/>
				<Compiler>
					<Add option="-DBOOST_UNIT_TEST_FRAMEWORK_DYN_LINK"/>
					<Add option="-DBOOST_ALL_NO_LIB"/>
					<Add directory="/home/bahram/craam2/."/>
					<Add directory="/home/bahram/craam2/include/gurobi/include"/>
					<Add directory="/home/bahram/craam2/include"/>
				</Compiler>
				<MakeCommands>
					<Build command="/usr/bin/make -f &quot;/home/bahram/craam2/Makefile&quot;  VERBOSE=1 unit_tests"/>
					<CompileFile command="/usr/bin/make -f &quot;/home/bahram/craam2/Makefile&quot;  VERBOSE=1 &quot;$file&quot;"/>
					<Clean command="/usr/bin/make -f &quot;/home/bahram/craam2/Makefile&quot;  VERBOSE=1 clean"/>
					<DistClean command="/usr/bin/make -f &quot;/home/bahram/craam2/Makefile&quot;  VERBOSE=1 clean"/>
				</MakeCommands>
			</Target>
			<Target title="unit_tests/fast">
				<Option output="/home/bahram/craam2/bin/unit_tests" prefix_auto="0" extension_auto="0"/>
				<Option working_dir="/home/bahram/craam2/bin"/>
				<Option object_output="./"/>
				<Option type="1"/>
				<Option compiler="gcc"/>
				<Compiler>
					<Add option="-DBOOST_UNIT_TEST_FRAMEWORK_DYN_LINK"/>
					<Add option="-DBOOST_ALL_NO_LIB"/>
					<Add directory="/home/bahram/craam2/."/>
					<Add directory="/home/bahram/craam2/include/gurobi/include"/>
					<Add directory="/home/bahram/craam2/include"/>
				</Compiler>
				<MakeCommands>
					<Build command="/usr/bin/make -f &quot;/home/bahram/craam2/Makefile&quot;  VERBOSE=1 unit_tests/fast"/>
					<CompileFile command="/usr/bin/make -f &quot;/home/bahram/craam2/Makefile&quot;  VERBOSE=1 &quot;$file&quot;"/>
					<Clean command="/usr/bin/make -f &quot;/home/bahram/craam2/Makefile&quot;  VERBOSE=1 clean"/>
					<DistClean command="/usr/bin/make -f &quot;/home/bahram/craam2/Makefile&quot;  VERBOSE=1 clean"/>
				</MakeCommands>
			</Target>
		</Build>
		<Unit filename="/home/bahram/craam2/craam/Action.hpp">
			<Option target="craam-cli"/>
			<Option target="unit_tests"/>
		</Unit>
		<Unit filename="/home/bahram/craam2/craam/ActionO.hpp">
			<Option target="craam-cli"/>
			<Option target="unit_tests"/>
		</Unit>
		<Unit filename="/home/bahram/craam2/craam/GMDP.hpp">
			<Option target="craam-cli"/>
			<Option target="unit_tests"/>
		</Unit>
		<Unit filename="/home/bahram/craam2/craam/ImMDP.hpp">
			<Option target="craam-cli"/>
			<Option target="unit_tests"/>
		</Unit>
		<Unit filename="/home/bahram/craam2/craam/MDP.hpp">
			<Option target="craam-cli"/>
			<Option target="unit_tests"/>
		</Unit>
		<Unit filename="/home/bahram/craam2/craam/MDPO.hpp">
			<Option target="craam-cli"/>
			<Option target="unit_tests"/>
		</Unit>
		<Unit filename="/home/bahram/craam2/craam/Samples.hpp">
			<Option target="craam-cli"/>
			<Option target="unit_tests"/>
		</Unit>
		<Unit filename="/home/bahram/craam2/craam/Solution.hpp">
			<Option target="craam-cli"/>
			<Option target="unit_tests"/>
		</Unit>
		<Unit filename="/home/bahram/craam2/craam/State.hpp">
			<Option target="craam-cli"/>
			<Option target="unit_tests"/>
		</Unit>
		<Unit filename="/home/bahram/craam2/craam/Transition.hpp">
			<Option target="craam-cli"/>
			<Option target="unit_tests"/>
		</Unit>
		<Unit filename="/home/bahram/craam2/craam/algorithms/bayesian.hpp">
			<Option target="craam-cli"/>
			<Option target="unit_tests"/>
		</Unit>
		<Unit filename="/home/bahram/craam2/craam/algorithms/bellman_mdp.hpp">
			<Option target="craam-cli"/>
			<Option target="unit_tests"/>
		</Unit>
		<Unit filename="/home/bahram/craam2/craam/algorithms/bellman_mdpo.hpp">
			<Option target="craam-cli"/>
			<Option target="unit_tests"/>
		</Unit>
		<Unit filename="/home/bahram/craam2/craam/algorithms/iteration_methods.hpp">
			<Option target="craam-cli"/>
			<Option target="unit_tests"/>
		</Unit>
		<Unit filename="/home/bahram/craam2/craam/algorithms/linprog.hpp">
			<Option target="craam-cli"/>
			<Option target="unit_tests"/>
		</Unit>
		<Unit filename="/home/bahram/craam2/craam/algorithms/matrices.hpp">
			<Option target="craam-cli"/>
			<Option target="unit_tests"/>
		</Unit>
		<Unit filename="/home/bahram/craam2/craam/algorithms/nature_declarations.hpp">
			<Option target="craam-cli"/>
			<Option target="unit_tests"/>
		</Unit>
		<Unit filename="/home/bahram/craam2/craam/algorithms/nature_response.hpp">
			<Option target="craam-cli"/>
			<Option target="unit_tests"/>
		</Unit>
		<Unit filename="/home/bahram/craam2/craam/algorithms/soft_robust.hpp">
			<Option target="craam-cli"/>
			<Option target="unit_tests"/>
		</Unit>
		<Unit filename="/home/bahram/craam2/craam/algorithms/values.hpp">
			<Option target="craam-cli"/>
			<Option target="unit_tests"/>
		</Unit>
		<Unit filename="/home/bahram/craam2/craam/algorithms/values_mdp.hpp">
			<Option target="craam-cli"/>
			<Option target="unit_tests"/>
		</Unit>
		<Unit filename="/home/bahram/craam2/craam/algorithms/values_mdpo.hpp">
			<Option target="craam-cli"/>
			<Option target="unit_tests"/>
		</Unit>
		<Unit filename="/home/bahram/craam2/craam/definitions.hpp">
			<Option target="craam-cli"/>
			<Option target="unit_tests"/>
		</Unit>
		<Unit filename="/home/bahram/craam2/craam/modeltools.hpp">
			<Option target="craam-cli"/>
			<Option target="unit_tests"/>
		</Unit>
		<Unit filename="/home/bahram/craam2/craam/optimization/bisection.hpp">
			<Option target="craam-cli"/>
			<Option target="unit_tests"/>
		</Unit>
		<Unit filename="/home/bahram/craam2/craam/optimization/gurobi.hpp">
			<Option target="craam-cli"/>
			<Option target="unit_tests"/>
		</Unit>
		<Unit filename="/home/bahram/craam2/craam/optimization/norms.hpp">
			<Option target="craam-cli"/>
			<Option target="unit_tests"/>
		</Unit>
		<Unit filename="/home/bahram/craam2/craam/optimization/optimization.hpp">
			<Option target="craam-cli"/>
			<Option target="unit_tests"/>
		</Unit>
		<Unit filename="/home/bahram/craam2/craam/optimization/srect_gurobi.hpp">
			<Option target="craam-cli"/>
			<Option target="unit_tests"/>
		</Unit>
		<Unit filename="/home/bahram/craam2/craam/simulation.hpp">
			<Option target="craam-cli"/>
			<Option target="unit_tests"/>
		</Unit>
		<Unit filename="/home/bahram/craam2/craam/simulators/inventory.hpp">
			<Option target="craam-cli"/>
			<Option target="unit_tests"/>
		</Unit>
		<Unit filename="/home/bahram/craam2/craam/simulators/population.hpp">
			<Option target="craam-cli"/>
			<Option target="unit_tests"/>
		</Unit>
		<Unit filename="/home/bahram/craam2/craam/solvers.hpp">
			<Option target="craam-cli"/>
			<Option target="unit_tests"/>
		</Unit>
		<Unit filename="/home/bahram/craam2/test/benchmark.cpp">
			<Option target="craam-cli"/>
		</Unit>
		<Unit filename="/home/bahram/craam2/test/core_tests.hpp">
			<Option target="unit_tests"/>
		</Unit>
		<Unit filename="/home/bahram/craam2/test/example_mdps.hpp">
			<Option target="unit_tests"/>
		</Unit>
		<Unit filename="/home/bahram/craam2/test/implementable_tests.hpp">
			<Option target="unit_tests"/>
		</Unit>
		<Unit filename="/home/bahram/craam2/test/simulation_tests.hpp">
			<Option target="unit_tests"/>
		</Unit>
		<Unit filename="/home/bahram/craam2/test/test.cpp">
			<Option target="unit_tests"/>
		</Unit>
		<Unit filename="/home/bahram/craam2/CMakeLists.txt">
			<Option virtualFolder="CMake Files\"/>
		</Unit>
		<Unit filename="/home/bahram/craam2/../../../usr/lib/x86_64-linux-gnu/cmake/BoostDetectToolset-1.71.0.cmake">
			<Option virtualFolder="CMake Files\..\..\..\usr\lib\x86_64-linux-gnu\cmake\"/>
		</Unit>
		<Unit filename="/home/bahram/craam2/../../../usr/lib/x86_64-linux-gnu/cmake/Boost-1.71.0/BoostConfig.cmake">
			<Option virtualFolder="CMake Files\..\..\..\usr\lib\x86_64-linux-gnu\cmake\Boost-1.71.0\"/>
		</Unit>
		<Unit filename="/home/bahram/craam2/../../../usr/lib/x86_64-linux-gnu/cmake/Boost-1.71.0/BoostConfigVersion.cmake">
			<Option virtualFolder="CMake Files\..\..\..\usr\lib\x86_64-linux-gnu\cmake\Boost-1.71.0\"/>
		</Unit>
		<Unit filename="/home/bahram/craam2/../../../usr/lib/x86_64-linux-gnu/cmake/boost_headers-1.71.0/boost_headers-config-version.cmake">
			<Option virtualFolder="CMake Files\..\..\..\usr\lib\x86_64-linux-gnu\cmake\boost_headers-1.71.0\"/>
		</Unit>
		<Unit filename="/home/bahram/craam2/../../../usr/lib/x86_64-linux-gnu/cmake/boost_headers-1.71.0/boost_headers-config.cmake">
			<Option virtualFolder="CMake Files\..\..\..\usr\lib\x86_64-linux-gnu\cmake\boost_headers-1.71.0\"/>
		</Unit>
		<Unit filename="/home/bahram/craam2/../../../usr/lib/x86_64-linux-gnu/cmake/boost_unit_test_framework-1.71.0/boost_unit_test_framework-config-version.cmake">
			<Option virtualFolder="CMake Files\..\..\..\usr\lib\x86_64-linux-gnu\cmake\boost_unit_test_framework-1.71.0\"/>
		</Unit>
		<Unit filename="/home/bahram/craam2/../../../usr/lib/x86_64-linux-gnu/cmake/boost_unit_test_framework-1.71.0/boost_unit_test_framework-config.cmake">
			<Option virtualFolder="CMake Files\..\..\..\usr\lib\x86_64-linux-gnu\cmake\boost_unit_test_framework-1.71.0\"/>
		</Unit>
		<Unit filename="/home/bahram/craam2/../../../usr/lib/x86_64-linux-gnu/cmake/boost_unit_test_framework-1.71.0/libboost_unit_test_framework-variant-shared.cmake">
			<Option virtualFolder="CMake Files\..\..\..\usr\lib\x86_64-linux-gnu\cmake\boost_unit_test_framework-1.71.0\"/>
		</Unit>
		<Unit filename="/home/bahram/craam2/../../../usr/lib/x86_64-linux-gnu/cmake/boost_unit_test_framework-1.71.0/libboost_unit_test_framework-variant-static.cmake">
			<Option virtualFolder="CMake Files\..\..\..\usr\lib\x86_64-linux-gnu\cmake\boost_unit_test_framework-1.71.0\"/>
		</Unit>
		<Unit filename="/home/bahram/craam2/craam/craam_config.hpp.in">
			<Option virtualFolder="CMake Files\craam\"/>
		</Unit>
	</Project>
</CodeBlocks_project_file>
